// !$*UTF8*$!
{
	archiveVersion = 1;
	classes = {
	};
	objectVersion = 77;
	objects = {

/* Begin PBXBuildFile section */
		3F2D7D9A2F56E585003A5F57 /* SnapshotTesting in Frameworks */ = {isa = PBXBuildFile; productRef = 3F2D7D992F56E585003A5F57 /* SnapshotTesting */; };
		3F2D7D9C2F56E58E003A5F57 /* InlineSnapshotTesting in Frameworks */ = {isa = PBXBuildFile; productRef = 3F2D7D9B2F56E58E003A5F57 /* InlineSnapshotTesting */; };
		3F2D7D9E2F56E592003A5F57 /* SnapshotTestingCustomDump in Frameworks */ = {isa = PBXBuildFile; productRef = 3F2D7D9D2F56E592003A5F57 /* SnapshotTestingCustomDump */; };
		3F2D7DAF2F570A1F003A5F57 /* AppMetricaCore in Frameworks */ = {isa = PBXBuildFile; productRef = 3F2D7DAE2F570A1F003A5F57 /* AppMetricaCore */; };
		3F2D7DB12F570A1F003A5F57 /* AppMetricaCrashes in Frameworks */ = {isa = PBXBuildFile; productRef = 3F2D7DB02F570A1F003A5F57 /* AppMetricaCrashes */; };
		3FA470B22F20D97500DF01CB /* TrackerDataModel.xcdatamodeld in Sources */ = {isa = PBXBuildFile; fileRef = 3FA470B02F20D97500DF01CB /* TrackerDataModel.xcdatamodeld */; };
		3FC7FA3A2F36D8A5005A1CAC /* swiftgen.yml in Resources */ = {isa = PBXBuildFile; fileRef = 3FC7FA392F36D89A005A1CAC /* swiftgen.yml */; };
		3FE587732F34BF99002470F6 /* InMemoryLogging in Frameworks */ = {isa = PBXBuildFile; productRef = 3FE587722F34BF99002470F6 /* InMemoryLogging */; };
		3FE587752F34BF99002470F6 /* Logging in Frameworks */ = {isa = PBXBuildFile; productRef = 3FE587742F34BF99002470F6 /* Logging */; };
/* End PBXBuildFile section */

/* Begin PBXContainerItemProxy section */
		3FE35D602F5585290069CB54 /* PBXContainerItemProxy */ = {
			isa = PBXContainerItemProxy;
			containerPortal = 3F2F34E22F11F30F000ADB96 /* Project object */;
			proxyType = 1;
			remoteGlobalIDString = 3F2F34E92F11F30F000ADB96;
			remoteInfo = Tracker;
		};
/* End PBXContainerItemProxy section */

/* Begin PBXFileReference section */
		3FA470B12F20D97500DF01CB /* TrackerDataModel.xcdatamodel */ = {isa = PBXFileReference; lastKnownFileType = wrapper.xcdatamodel; path = TrackerDataModel.xcdatamodel; sourceTree = "<group>"; };
		3FC7FA392F36D89A005A1CAC /* swiftgen.yml */ = {isa = PBXFileReference; explicitFileType = text.yaml; path = swiftgen.yml; sourceTree = "<group>"; };
		3FE35D5C2F5585290069CB54 /* TrackerTests.xctest */ = {isa = PBXFileReference; explicitFileType = wrapper.cfbundle; includeInIndex = 0; path = TrackerTests.xctest; sourceTree = BUILT_PRODUCTS_DIR; };
		3FE78CB22F188725006AB7FD /* Tracker.app */ = {isa = PBXFileReference; explicitFileType = wrapper.application; includeInIndex = 0; path = Tracker.app; sourceTree = BUILT_PRODUCTS_DIR; };
/* End PBXFileReference section */

/* Begin PBXFileSystemSynchronizedBuildFileExceptionSet section */
		3FE587762F34C1D5002470F6 /* Exceptions for "Tracker" folder in "Tracker" target */ = {
			isa = PBXFileSystemSynchronizedBuildFileExceptionSet;
			membershipExceptions = (
				Info.plist,
			);
			target = 3F2F34E92F11F30F000ADB96 /* Tracker */;
		};
/* End PBXFileSystemSynchronizedBuildFileExceptionSet section */

/* Begin PBXFileSystemSynchronizedRootGroup section */
		3F2F34EC2F11F30F000ADB96 /* Tracker */ = {
			isa = PBXFileSystemSynchronizedRootGroup;
			exceptions = (
				3FE587762F34C1D5002470F6 /* Exceptions for "Tracker" folder in "Tracker" target */,
			);
			path = Tracker;
			sourceTree = "<group>";
		};
		3FC7FA412F36D9DB005A1CAC /* Resources */ = {
			isa = PBXFileSystemSynchronizedRootGroup;
			path = Resources;
			sourceTree = "<group>";
		};
		3FC7FA472F36DA02005A1CAC /* Generated */ = {
			isa = PBXFileSystemSynchronizedRootGroup;
			path = Generated;
			sourceTree = "<group>";
		};
		3FE35D5D2F5585290069CB54 /* TrackerTests */ = {
			isa = PBXFileSystemSynchronizedRootGroup;
			path = TrackerTests;
			sourceTree = "<group>";
		};
/* End PBXFileSystemSynchronizedRootGroup section */

/* Begin PBXFrameworksBuildPhase section */
		3F2F34E72F11F30F000ADB96 /* Frameworks */ = {
			isa = PBXFrameworksBuildPhase;
			buildActionMask = 2147483647;
			files = (
				3F2D7DB12F570A1F003A5F57 /* AppMetricaCrashes in Frameworks */,
				3F2D7DAF2F570A1F003A5F57 /* AppMetricaCore in Frameworks */,
				3FE587752F34BF99002470F6 /* Logging in Frameworks */,
				3FE587732F34BF99002470F6 /* InMemoryLogging in Frameworks */,
			);
			runOnlyForDeploymentPostprocessing = 0;
		};
		3FE35D592F5585290069CB54 /* Frameworks */ = {
			isa = PBXFrameworksBuildPhase;
			buildActionMask = 2147483647;
			files = (
				3F2D7D9E2F56E592003A5F57 /* SnapshotTestingCustomDump in Frameworks */,
				3F2D7D9C2F56E58E003A5F57 /* InlineSnapshotTesting in Frameworks */,
				3F2D7D9A2F56E585003A5F57 /* SnapshotTesting in Frameworks */,
			);
			runOnlyForDeploymentPostprocessing = 0;
		};
/* End PBXFrameworksBuildPhase section */

/* Begin PBXGroup section */
		3F2D7D982F56E585003A5F57 /* Frameworks */ = {
			isa = PBXGroup;
			children = (
			);
			name = Frameworks;
			sourceTree = "<group>";
		};
		3F2F34E12F11F30F000ADB96 = {
			isa = PBXGroup;
			children = (
				3FC7FA392F36D89A005A1CAC /* swiftgen.yml */,
				3FC7FA472F36DA02005A1CAC /* Generated */,
				3FA470B02F20D97500DF01CB /* TrackerDataModel.xcdatamodeld */,
				3FC7FA412F36D9DB005A1CAC /* Resources */,
				3F2F34EC2F11F30F000ADB96 /* Tracker */,
				3FE78CB22F188725006AB7FD /* Tracker.app */,
				3FE35D5C2F5585290069CB54 /* TrackerTests.xctest */,
				3FE35D5D2F5585290069CB54 /* TrackerTests */,
				3F2D7D982F56E585003A5F57 /* Frameworks */,
			);
			sourceTree = "<group>";
			usesTabs = 0;
		};
/* End PBXGroup section */

/* Begin PBXNativeTarget section */
		3F2F34E92F11F30F000ADB96 /* Tracker */ = {
			isa = PBXNativeTarget;
			buildConfigurationList = 3F2F34FD2F11F310000ADB96 /* Build configuration list for PBXNativeTarget "Tracker" */;
			buildPhases = (
				3FC7FA362F36D386005A1CAC /* Run Script */,
				3F2F34E62F11F30F000ADB96 /* Sources */,
				3F2F34E72F11F30F000ADB96 /* Frameworks */,
				3F2F34E82F11F30F000ADB96 /* Resources */,
			);
			buildRules = (
			);
			dependencies = (
			);
			fileSystemSynchronizedGroups = (
				3F2F34EC2F11F30F000ADB96 /* Tracker */,
				3FC7FA412F36D9DB005A1CAC /* Resources */,
				3FC7FA472F36DA02005A1CAC /* Generated */,
			);
			name = Tracker;
			packageProductDependencies = (
				3FE587722F34BF99002470F6 /* InMemoryLogging */,
				3FE587742F34BF99002470F6 /* Logging */,
				3F2D7DAE2F570A1F003A5F57 /* AppMetricaCore */,
				3F2D7DB02F570A1F003A5F57 /* AppMetricaCrashes */,
			);
			productName = Tracker;
			productReference = 3FE78CB22F188725006AB7FD /* Tracker.app */;
			productType = "com.apple.product-type.application";
		};
		3FE35D5B2F5585290069CB54 /* TrackerTests */ = {
			isa = PBXNativeTarget;
			buildConfigurationList = 3FE35D622F5585290069CB54 /* Build configuration list for PBXNativeTarget "TrackerTests" */;
			buildPhases = (
				3FE35D582F5585290069CB54 /* Sources */,
				3FE35D592F5585290069CB54 /* Frameworks */,
				3FE35D5A2F5585290069CB54 /* Resources */,
			);
			buildRules = (
			);
			dependencies = (
				3FE35D612F5585290069CB54 /* PBXTargetDependency */,
			);
			fileSystemSynchronizedGroups = (
				3FE35D5D2F5585290069CB54 /* TrackerTests */,
			);
			name = TrackerTests;
			packageProductDependencies = (
				3F2D7D992F56E585003A5F57 /* SnapshotTesting */,
				3F2D7D9B2F56E58E003A5F57 /* InlineSnapshotTesting */,
				3F2D7D9D2F56E592003A5F57 /* SnapshotTestingCustomDump */,
			);
			productName = TrackerTests;
			productReference = 3FE35D5C2F5585290069CB54 /* TrackerTests.xctest */;
			productType = "com.apple.product-type.bundle.unit-test";
		};
/* End PBXNativeTarget section */

/* Begin PBXProject section */
		3F2F34E22F11F30F000ADB96 /* Project object */ = {
			isa = PBXProject;
			attributes = {
				BuildIndependentTargetsInParallel = 1;
				LastSwiftUpdateCheck = 2600;
				LastUpgradeCheck = 2600;
				TargetAttributes = {
					3F2F34E92F11F30F000ADB96 = {
						CreatedOnToolsVersion = 26.0.1;
					};
					3FE35D5B2F5585290069CB54 = {
						CreatedOnToolsVersion = 26.0.1;
						TestTargetID = 3F2F34E92F11F30F000ADB96;
					};
				};
			};
			buildConfigurationList = 3F2F34E52F11F30F000ADB96 /* Build configuration list for PBXProject "Tracker" */;
			developmentRegion = ru;
			hasScannedForEncodings = 0;
			knownRegions = (
				en,
				Base,
				ru,
			);
			mainGroup = 3F2F34E12F11F30F000ADB96;
			minimizedProjectReferenceProxies = 1;
			packageReferences = (
				3FE587712F34BF99002470F6 /* XCRemoteSwiftPackageReference "swift-log" */,
				3FE35D512F5583E70069CB54 /* XCRemoteSwiftPackageReference "swift-snapshot-testing" */,
				3F2D7DAD2F570A1F003A5F57 /* XCRemoteSwiftPackageReference "appmetrica-sdk-ios" */,
			);
			preferredProjectObjectVersion = 77;
			productRefGroup = 3F2F34E12F11F30F000ADB96;
			projectDirPath = "";
			projectRoot = "";
			targets = (
				3F2F34E92F11F30F000ADB96 /* Tracker */,
				3FE35D5B2F5585290069CB54 /* TrackerTests */,
			);
		};
/* End PBXProject section */

/* Begin PBXResourcesBuildPhase section */
		3F2F34E82F11F30F000ADB96 /* Resources */ = {
			isa = PBXResourcesBuildPhase;
			buildActionMask = 2147483647;
			files = (
				3FC7FA3A2F36D8A5005A1CAC /* swiftgen.yml in Resources */,
			);
			runOnlyForDeploymentPostprocessing = 0;
		};
		3FE35D5A2F5585290069CB54 /* Resources */ = {
			isa = PBXResourcesBuildPhase;
			buildActionMask = 2147483647;
			files = (
			);
			runOnlyForDeploymentPostprocessing = 0;
		};
/* End PBXResourcesBuildPhase section */

/* Begin PBXShellScriptBuildPhase section */
		3FC7FA362F36D386005A1CAC /* Run Script */ = {
			isa = PBXShellScriptBuildPhase;
			buildActionMask = 2147483647;
			files = (
			);
			inputFileListPaths = (
			);
			inputPaths = (
			);
			name = "Run Script";
			outputFileListPaths = (
			);
			outputPaths = (
			);
			runOnlyForDeploymentPostprocessing = 0;
			shellPath = /bin/sh;
			shellScript = "if which swiftgen >/dev/null; then\n  swiftgen config run --config \"${SRCROOT}/swiftgen.yml\"\nelse\n  echo \"warning: SwiftGen not installed\"\nfi\n";
		};
/* End PBXShellScriptBuildPhase section */

/* Begin PBXSourcesBuildPhase section */
		3F2F34E62F11F30F000ADB96 /* Sources */ = {
			isa = PBXSourcesBuildPhase;
			buildActionMask = 2147483647;
			files = (
				3FA470B22F20D97500DF01CB /* TrackerDataModel.xcdatamodeld in Sources */,
			);
			runOnlyForDeploymentPostprocessing = 0;
		};
		3FE35D582F5585290069CB54 /* Sources */ = {
			isa = PBXSourcesBuildPhase;
			buildActionMask = 2147483647;
			files = (
			);
			runOnlyForDeploymentPostprocessing = 0;
		};
/* End PBXSourcesBuildPhase section */

/* Begin PBXTargetDependency section */
		3FE35D612F5585290069CB54 /* PBXTargetDependency */ = {
			isa = PBXTargetDependency;
			target = 3F2F34E92F11F30F000ADB96 /* Tracker */;
			targetProxy = 3FE35D602F5585290069CB54 /* PBXContainerItemProxy */;
		};
/* End PBXTargetDependency section */

/* Begin XCBuildConfiguration section */
		3F2F34FE2F11F310000ADB96 /* Debug */ = {
			isa = XCBuildConfiguration;
			buildSettings = {
				ASSETCATALOG_COMPILER_APPICON_NAME = AppIcon;
				ASSETCATALOG_COMPILER_GLOBAL_ACCENT_COLOR_NAME = AccentColor;
				CODE_SIGN_STYLE = Automatic;
				CURRENT_PROJECT_VERSION = 1;
				GENERATE_INFOPLIST_FILE = YES;
				INFOPLIST_FILE = Tracker/Info.plist;
				INFOPLIST_KEY_UIApplicationSupportsIndirectInputEvents = YES;
				INFOPLIST_KEY_UILaunchStoryboardName = LaunchScreen;
				INFOPLIST_KEY_UISupportedInterfaceOrientations = UIInterfaceOrientationPortrait;
				IPHONEOS_DEPLOYMENT_TARGET = 17.0;
				LD_RUNPATH_SEARCH_PATHS = (
					"$(inherited)",
					"@executable_path/Frameworks",
				);
				MARKETING_VERSION = 1.0;
				PRODUCT_BUNDLE_IDENTIFIER = "ru.spo-17.Tracker";
				PRODUCT_NAME = "$(TARGET_NAME)";
				STRING_CATALOG_GENERATE_SYMBOLS = YES;
				SWIFT_APPROACHABLE_CONCURRENCY = YES;
				SWIFT_DEFAULT_ACTOR_ISOLATION = MainActor;
				SWIFT_EMIT_LOC_STRINGS = YES;
				SWIFT_UPCOMING_FEATURE_MEMBER_IMPORT_VISIBILITY = YES;
				SWIFT_VERSION = 5.0;
				TARGETED_DEVICE_FAMILY = "1,2";
			};
			name = Debug;
		};
		3F2F34FF2F11F310000ADB96 /* Release */ = {
			isa = XCBuildConfiguration;
			buildSettings = {
				ASSETCATALOG_COMPILER_APPICON_NAME = AppIcon;
				ASSETCATALOG_COMPILER_GLOBAL_ACCENT_COLOR_NAME = AccentColor;
				CODE_SIGN_STYLE = Automatic;
				CURRENT_PROJECT_VERSION = 1;
				GENERATE_INFOPLIST_FILE = YES;
				INFOPLIST_FILE = Tracker/Info.plist;
				INFOPLIST_KEY_UIApplicationSupportsIndirectInputEvents = YES;
				INFOPLIST_KEY_UILaunchStoryboardName = LaunchScreen;
				INFOPLIST_KEY_UISupportedInterfaceOrientations = UIInterfaceOrientationPortrait;
				IPHONEOS_DEPLOYMENT_TARGET = 17.0;
				LD_RUNPATH_SEARCH_PATHS = (
					"$(inherited)",
					"@executable_path/Frameworks",
				);
				MARKETING_VERSION = 1.0;
				PRODUCT_BUNDLE_IDENTIFIER = "ru.spo-17.Tracker";
				PRODUCT_NAME = "$(TARGET_NAME)";
				STRING_CATALOG_GENERATE_SYMBOLS = YES;
				SWIFT_APPROACHABLE_CONCURRENCY = YES;
				SWIFT_DEFAULT_ACTOR_ISOLATION = MainActor;
				SWIFT_EMIT_LOC_STRINGS = YES;
				SWIFT_UPCOMING_FEATURE_MEMBER_IMPORT_VISIBILITY = YES;
				SWIFT_VERSION = 5.0;
				TARGETED_DEVICE_FAMILY = "1,2";
			};
			name = Release;
		};
		3F2F35002F11F310000ADB96 /* Debug */ = {
			isa = XCBuildConfiguration;
			buildSettings = {
				ALWAYS_SEARCH_USER_PATHS = NO;
				ASSETCATALOG_COMPILER_GENERATE_SWIFT_ASSET_SYMBOL_EXTENSIONS = YES;
				CLANG_ANALYZER_LOCALIZABILITY_NONLOCALIZED = YES;
				CLANG_ANALYZER_NONNULL = YES;
				CLANG_ANALYZER_NUMBER_OBJECT_CONVERSION = YES_AGGRESSIVE;
				CLANG_CXX_LANGUAGE_STANDARD = "gnu++20";
				CLANG_ENABLE_MODULES = YES;
				CLANG_ENABLE_OBJC_ARC = YES;
				CLANG_ENABLE_OBJC_WEAK = YES;
				CLANG_WARN_BLOCK_CAPTURE_AUTORELEASING = YES;
				CLANG_WARN_BOOL_CONVERSION = YES;
				CLANG_WARN_COMMA = YES;
				CLANG_WARN_CONSTANT_CONVERSION = YES;
				CLANG_WARN_DEPRECATED_OBJC_IMPLEMENTATIONS = YES;
				CLANG_WARN_DIRECT_OBJC_ISA_USAGE = YES_ERROR;
				CLANG_WARN_DOCUMENTATION_COMMENTS = YES;
				CLANG_WARN_EMPTY_BODY = YES;
				CLANG_WARN_ENUM_CONVERSION = YES;
				CLANG_WARN_INFINITE_RECURSION = YES;
				CLANG_WARN_INT_CONVERSION = YES;
				CLANG_WARN_NON_LITERAL_NULL_CONVERSION = YES;
				CLANG_WARN_OBJC_IMPLICIT_RETAIN_SELF = YES;
				CLANG_WARN_OBJC_LITERAL_CONVERSION = YES;
				CLANG_WARN_OBJC_ROOT_CLASS = YES_ERROR;
				CLANG_WARN_QUOTED_INCLUDE_IN_FRAMEWORK_HEADER = YES;
				CLANG_WARN_RANGE_LOOP_ANALYSIS = YES;
				CLANG_WARN_STRICT_PROTOTYPES = YES;
				CLANG_WARN_SUSPICIOUS_MOVE = YES;
				CLANG_WARN_UNGUARDED_AVAILABILITY = YES_AGGRESSIVE;
				CLANG_WARN_UNREACHABLE_CODE = YES;
				CLANG_WARN__DUPLICATE_METHOD_MATCH = YES;
				COPY_PHASE_STRIP = NO;
				DEBUG_INFORMATION_FORMAT = dwarf;
				ENABLE_STRICT_OBJC_MSGSEND = YES;
				ENABLE_TESTABILITY = YES;
				ENABLE_USER_SCRIPT_SANDBOXING = NO;
				GCC_C_LANGUAGE_STANDARD = gnu17;
				GCC_DYNAMIC_NO_PIC = NO;
				GCC_NO_COMMON_BLOCKS = YES;
				GCC_OPTIMIZATION_LEVEL = 0;
				GCC_PREPROCESSOR_DEFINITIONS = (
					"DEBUG=1",
					"$(inherited)",
				);
				GCC_WARN_64_TO_32_BIT_CONVERSION = YES;
				GCC_WARN_ABOUT_RETURN_TYPE = YES_ERROR;
				GCC_WARN_UNDECLARED_SELECTOR = YES;
				GCC_WARN_UNINITIALIZED_AUTOS = YES_AGGRESSIVE;
				GCC_WARN_UNUSED_FUNCTION = YES;
				GCC_WARN_UNUSED_VARIABLE = YES;
				IPHONEOS_DEPLOYMENT_TARGET = 26.0;
				LOCALIZATION_PREFERS_STRING_CATALOGS = YES;
				MTL_ENABLE_DEBUG_INFO = INCLUDE_SOURCE;
				MTL_FAST_MATH = YES;
				ONLY_ACTIVE_ARCH = YES;
				SDKROOT = iphoneos;
				SWIFT_ACTIVE_COMPILATION_CONDITIONS = "DEBUG $(inherited)";
				SWIFT_OPTIMIZATION_LEVEL = "-Onone";
			};
			name = Debug;
		};
		3F2F35012F11F310000ADB96 /* Release */ = {
			isa = XCBuildConfiguration;
			buildSettings = {
				ALWAYS_SEARCH_USER_PATHS = NO;
				ASSETCATALOG_COMPILER_GENERATE_SWIFT_ASSET_SYMBOL_EXTENSIONS = YES;
				CLANG_ANALYZER_LOCALIZABILITY_NONLOCALIZED = YES;
				CLANG_ANALYZER_NONNULL = YES;
				CLANG_ANALYZER_NUMBER_OBJECT_CONVERSION = YES_AGGRESSIVE;
				CLANG_CXX_LANGUAGE_STANDARD = "gnu++20";
				CLANG_ENABLE_MODULES = YES;
				CLANG_ENABLE_OBJC_ARC = YES;
				CLANG_ENABLE_OBJC_WEAK = YES;
				CLANG_WARN_BLOCK_CAPTURE_AUTORELEASING = YES;
				CLANG_WARN_BOOL_CONVERSION = YES;
				CLANG_WARN_COMMA = YES;
				CLANG_WARN_CONSTANT_CONVERSION = YES;
				CLANG_WARN_DEPRECATED_OBJC_IMPLEMENTATIONS = YES;
				CLANG_WARN_DIRECT_OBJC_ISA_USAGE = YES_ERROR;
				CLANG_WARN_DOCUMENTATION_COMMENTS = YES;
				CLANG_WARN_EMPTY_BODY = YES;
				CLANG_WARN_ENUM_CONVERSION = YES;
				CLANG_WARN_INFINITE_RECURSION = YES;
				CLANG_WARN_INT_CONVERSION = YES;
				CLANG_WARN_NON_LITERAL_NULL_CONVERSION = YES;
				CLANG_WARN_OBJC_IMPLICIT_RETAIN_SELF = YES;
				CLANG_WARN_OBJC_LITERAL_CONVERSION = YES;
				CLANG_WARN_OBJC_ROOT_CLASS = YES_ERROR;
				CLANG_WARN_QUOTED_INCLUDE_IN_FRAMEWORK_HEADER = YES;
				CLANG_WARN_RANGE_LOOP_ANALYSIS = YES;
				CLANG_WARN_STRICT_PROTOTYPES = YES;
				CLANG_WARN_SUSPICIOUS_MOVE = YES;
				CLANG_WARN_UNGUARDED_AVAILABILITY = YES_AGGRESSIVE;
				CLANG_WARN_UNREACHABLE_CODE = YES;
				CLANG_WARN__DUPLICATE_METHOD_MATCH = YES;
				COPY_PHASE_STRIP = NO;
				DEBUG_INFORMATION_FORMAT = "dwarf-with-dsym";
				ENABLE_NS_ASSERTIONS = NO;
				ENABLE_STRICT_OBJC_MSGSEND = YES;
				ENABLE_USER_SCRIPT_SANDBOXING = NO;
				GCC_C_LANGUAGE_STANDARD = gnu17;
				GCC_NO_COMMON_BLOCKS = YES;
				GCC_WARN_64_TO_32_BIT_CONVERSION = YES;
				GCC_WARN_ABOUT_RETURN_TYPE = YES_ERROR;
				GCC_WARN_UNDECLARED_SELECTOR = YES;
				GCC_WARN_UNINITIALIZED_AUTOS = YES_AGGRESSIVE;
				GCC_WARN_UNUSED_FUNCTION = YES;
				GCC_WARN_UNUSED_VARIABLE = YES;
				IPHONEOS_DEPLOYMENT_TARGET = 26.0;
				LOCALIZATION_PREFERS_STRING_CATALOGS = YES;
				MTL_ENABLE_DEBUG_INFO = NO;
				MTL_FAST_MATH = YES;
				SDKROOT = iphoneos;
				SWIFT_COMPILATION_MODE = wholemodule;
				VALIDATE_PRODUCT = YES;
			};
			name = Release;
		};
		3FE35D632F5585290069CB54 /* Debug */ = {
			isa = XCBuildConfiguration;
			buildSettings = {
				BUNDLE_LOADER = "$(TEST_HOST)";
				CODE_SIGN_STYLE = Automatic;
				CURRENT_PROJECT_VERSION = 1;
				ENABLE_USER_SCRIPT_SANDBOXING = YES;
				GENERATE_INFOPLIST_FILE = YES;
				MARKETING_VERSION = 1.0;
				PRODUCT_BUNDLE_IDENTIFIER = "ru.spo-17.TrackerTests";
				PRODUCT_NAME = "$(TARGET_NAME)";
				STRING_CATALOG_GENERATE_SYMBOLS = NO;
				SWIFT_APPROACHABLE_CONCURRENCY = YES;
				SWIFT_EMIT_LOC_STRINGS = NO;
				SWIFT_UPCOMING_FEATURE_MEMBER_IMPORT_VISIBILITY = YES;
				SWIFT_VERSION = 5.0;
				TARGETED_DEVICE_FAMILY = "1,2";
				TEST_HOST = "$(BUILT_PRODUCTS_DIR)/Tracker.app/$(BUNDLE_EXECUTABLE_FOLDER_PATH)/Tracker";
			};
			name = Debug;
		};
		3FE35D642F5585290069CB54 /* Release */ = {
			isa = XCBuildConfiguration;
			buildSettings = {
				BUNDLE_LOADER = "$(TEST_HOST)";
				CODE_SIGN_STYLE = Automatic;
				CURRENT_PROJECT_VERSION = 1;
				ENABLE_USER_SCRIPT_SANDBOXING = YES;
				GENERATE_INFOPLIST_FILE = YES;
				MARKETING_VERSION = 1.0;
				PRODUCT_BUNDLE_IDENTIFIER = "ru.spo-17.TrackerTests";
				PRODUCT_NAME = "$(TARGET_NAME)";
				STRING_CATALOG_GENERATE_SYMBOLS = NO;
				SWIFT_APPROACHABLE_CONCURRENCY = YES;
				SWIFT_EMIT_LOC_STRINGS = NO;
				SWIFT_UPCOMING_FEATURE_MEMBER_IMPORT_VISIBILITY = YES;
				SWIFT_VERSION = 5.0;
				TARGETED_DEVICE_FAMILY = "1,2";
				TEST_HOST = "$(BUILT_PRODUCTS_DIR)/Tracker.app/$(BUNDLE_EXECUTABLE_FOLDER_PATH)/Tracker";
			};
			name = Release;
		};
/* End XCBuildConfiguration section */

/* Begin XCConfigurationList section */
		3F2F34E52F11F30F000ADB96 /* Build configuration list for PBXProject "Tracker" */ = {
			isa = XCConfigurationList;
			buildConfigurations = (
				3F2F35002F11F310000ADB96 /* Debug */,
				3F2F35012F11F310000ADB96 /* Release */,
			);
			defaultConfigurationIsVisible = 0;
			defaultConfigurationName = Release;
		};
		3F2F34FD2F11F310000ADB96 /* Build configuration list for PBXNativeTarget "Tracker" */ = {
			isa = XCConfigurationList;
			buildConfigurations = (
				3F2F34FE2F11F310000ADB96 /* Debug */,
				3F2F34FF2F11F310000ADB96 /* Release */,
			);
			defaultConfigurationIsVisible = 0;
			defaultConfigurationName = Release;
		};
		3FE35D622F5585290069CB54 /* Build configuration list for PBXNativeTarget "TrackerTests" */ = {
			isa = XCConfigurationList;
			buildConfigurations = (
				3FE35D632F5585290069CB54 /* Debug */,
				3FE35D642F5585290069CB54 /* Release */,
			);
			defaultConfigurationIsVisible = 0;
			defaultConfigurationName = Release;
		};
/* End XCConfigurationList section */

/* Begin XCRemoteSwiftPackageReference section */
		3F2D7DAD2F570A1F003A5F57 /* XCRemoteSwiftPackageReference "appmetrica-sdk-ios" */ = {
			isa = XCRemoteSwiftPackageReference;
			repositoryURL = "https://github.com/appmetrica/appmetrica-sdk-ios";
			requirement = {
				kind = upToNextMajorVersion;
				minimumVersion = 6.1.0;
			};
		};
		3FE35D512F5583E70069CB54 /* XCRemoteSwiftPackageReference "swift-snapshot-testing" */ = {
			isa = XCRemoteSwiftPackageReference;
			repositoryURL = "https://github.com/pointfreeco/swift-snapshot-testing.git";
			requirement = {
				kind = upToNextMajorVersion;
				minimumVersion = 1.18.9;
			};
		};
		3FE587712F34BF99002470F6 /* XCRemoteSwiftPackageReference "swift-log" */ = {
			isa = XCRemoteSwiftPackageReference;
			repositoryURL = "https://github.com/apple/swift-log";
			requirement = {
				kind = upToNextMajorVersion;
				minimumVersion = 1.9.1;
			};
		};
/* End XCRemoteSwiftPackageReference section */

/* Begin XCSwiftPackageProductDependency section */
		3F2D7D992F56E585003A5F57 /* SnapshotTesting */ = {
			isa = XCSwiftPackageProductDependency;
			package = 3FE35D512F5583E70069CB54 /* XCRemoteSwiftPackageReference "swift-snapshot-testing" */;
			productName = SnapshotTesting;
		};
		3F2D7D9B2F56E58E003A5F57 /* InlineSnapshotTesting */ = {
			isa = XCSwiftPackageProductDependency;
			package = 3FE35D512F5583E70069CB54 /* XCRemoteSwiftPackageReference "swift-snapshot-testing" */;
			productName = InlineSnapshotTesting;
		};
		3F2D7D9D2F56E592003A5F57 /* SnapshotTestingCustomDump */ = {
			isa = XCSwiftPackageProductDependency;
			package = 3FE35D512F5583E70069CB54 /* XCRemoteSwiftPackageReference "swift-snapshot-testing" */;
			productName = SnapshotTestingCustomDump;
		};
		3F2D7DAE2F570A1F003A5F57 /* AppMetricaCore */ = {
			isa = XCSwiftPackageProductDependency;
			package = 3F2D7DAD2F570A1F003A5F57 /* XCRemoteSwiftPackageReference "appmetrica-sdk-ios" */;
			productName = AppMetricaCore;
		};
		3F2D7DB02F570A1F003A5F57 /* AppMetricaCrashes */ = {
			isa = XCSwiftPackageProductDependency;
			package = 3F2D7DAD2F570A1F003A5F57 /* XCRemoteSwiftPackageReference "appmetrica-sdk-ios" */;
			productName = AppMetricaCrashes;
		};
		3FE587722F34BF99002470F6 /* InMemoryLogging */ = {
			isa = XCSwiftPackageProductDependency;
			package = 3FE587712F34BF99002470F6 /* XCRemoteSwiftPackageReference "swift-log" */;
			productName = InMemoryLogging;
		};
		3FE587742F34BF99002470F6 /* Logging */ = {
			isa = XCSwiftPackageProductDependency;
			package = 3FE587712F34BF99002470F6 /* XCRemoteSwiftPackageReference "swift-log" */;
			productName = Logging;
		};
/* End XCSwiftPackageProductDependency section */

/* Begin XCVersionGroup section */
		3FA470B02F20D97500DF01CB /* TrackerDataModel.xcdatamodeld */ = {
			isa = XCVersionGroup;
			children = (
				3FA470B12F20D97500DF01CB /* TrackerDataModel.xcdatamodel */,
			);
			currentVersion = 3FA470B12F20D97500DF01CB /* TrackerDataModel.xcdatamodel */;
			path = TrackerDataModel.xcdatamodeld;
			sourceTree = "<group>";
			versionGroupType = wrapper.xcdatamodel;
		};
/* End XCVersionGroup section */
	};
	rootObject = 3F2F34E22F11F30F000ADB96 /* Project object */;
}
